
Microsoft Visual Studio Solution File, Format Version 12.00
# Visual Studio Version 17
VisualStudioVersion = 17.2.32602.215
MinimumVisualStudioVersion = 10.0.40219.1
Project("{FAE04EC0-301F-11D3-BF4B-00C04F79EFBC}") = "Revveresrrv", "Revveresrrv.csproj", "{40961F8B-ECC4-4891-9DA4-B7DA2E686595}"
EndProject
Global
	GlobalSection(SolutionConfigurationPlatforms) = preSolution
		Debug|Any CPU = Debug|Any CPU
		Release|Any CPU = Release|Any CPU
	EndGlobalSection
	GlobalSection(ProjectConfigurationPlatforms) = postSolution
		{40961F8B-ECC4-4891-9DA4-B7DA2E686595}.Debug|Any CPU.ActiveCfg = Debug|Any CPU
		{40961F8B-ECC4-4891-9DA4-B7DA2E686595}.Debug|Any CPU.Build.0 = Debug|Any CPU
		{40961F8B-ECC4-4891-9DA4-B7DA2E686595}.Release|Any CPU.ActiveCfg = Release|Any CPU
		{40961F8B-ECC4-4891-9DA4-B7DA2E686595}.Release|Any CPU.Build.0 = Release|Any CPU
	EndGlobalSection
	GlobalSection(SolutionProperties) = preSolution
		HideSolutionNode = FALSE
	EndGlobalSection
	GlobalSection(ExtensibilityGlobals) = postSolution
		SolutionGuid = {6A7AE327-0734-4A44-B3C2-6425D1B89D6E}
	EndGlobalSection
EndGlobal
